{
  "name": "app",
  "lockfileVersion": 3,
  "requires": true,
  "packages": {
    "": {
      "dependencies": {
        "matplotlib": "^1.0.0",
        "oracledb": "^6.4.0",
        "pandas": "^0.0.3",
        "plotly": "^1.0.6"
      }
    },
    "node_modules/matplotlib": {
      "version": "1.0.0",
      "resolved": "https://registry.npmjs.org/matplotlib/-/matplotlib-1.0.0.tgz",
      "integrity": "sha512-BiYNXIswoWqkcQ2dT+DbOAy8dR+Gi72rKilabj7x2SMAs8HDHDynvgbIPHHQn3SnR78IBh6rNxhlAbQPEjuwlw=="
    },
    "node_modules/minimist": {
      "version": "1.2.8",
      "resolved": "https://registry.npmjs.org/minimist/-/minimist-1.2.8.tgz",
      "integrity": "sha512-2yyAR8qBkN3YuheJanUpWC5U3bb5osDywNB8RzDVlDwDHbocAJveqqj1u8+SVD7jkWT4yvsHCpWqqWqAxb0zCA==",
      "funding": {
        "url": "https://github.com/sponsors/ljharb"
      }
    },
    "node_modules/mkdirp": {
      "version": "0.5.6",
      "resolved": "https://registry.npmjs.org/mkdirp/-/mkdirp-0.5.6.tgz",
      "integrity": "sha512-FP+p8RB8OWpF3YZBCrP5gtADmtXApB5AMLn+vdyA+PyxCjrCs00mjyUozssO33cwDeT3wNGdLxJ5M//YqtHAJw==",
      "dependencies": {
        "minimist": "^1.2.6"
      },
      "bin": {
        "mkdirp": "bin/cmd.js"
      }
    },
    "node_modules/oracledb": {
      "version": "6.4.0",
      "resolved": "https://registry.npmjs.org/oracledb/-/oracledb-6.4.0.tgz",
      "integrity": "sha512-TJI08qzQlf/l7T49VojP9BoQpjEr14NXZmpSzzcLrbNs7qSl0QA/Mc9gGiEdkg5WmwH0wqUjtMC7jlf1WamlYA==",
      "hasInstallScript": true,
      "engines": {
        "node": ">=14.6"
      }
    },
    "node_modules/pandas": {
      "version": "0.0.3",
      "resolved": "https://registry.npmjs.org/pandas/-/pandas-0.0.3.tgz",
      "integrity": "sha512-b6b0XOuj8mvj2Kn6qfcvPmb0ILCcbuep5VYZche3730P9cXQcvarbbvWJxwXkxc3OXyGFYjJ4kozjX5ZXXMrsw=="
    },
    "node_modules/plotly": {
      "version": "1.0.6",
      "resolved": "https://registry.npmjs.org/plotly/-/plotly-1.0.6.tgz",
      "integrity": "sha512-9DoPWfLJWxqXg6omu1Oj7qkvyOce0Nv+X+2SOoI9lG9mbvA7S/qGVHypwrGMV3r53ruW1Fl1A9a7ZIPt22FrpA==",
      "dependencies": {
        "mkdirp": "~0.5.0"
      }
    }
  }
}
